Microsoft Visual Studio Solution File, Format Version 12.00
# Visual Studio Version 17
VisualStudioVersion = 17.5.2.0
MinimumVisualStudioVersion = 10.0.40219.1
Project("{FAE04EC0-301F-11D3-BF4B-00C04F79EFBC}") = "backend-dotnet-tickets", "backend-dotnet-tickets\backend-dotnet-tickets.csproj", "{D91415E6-6B95-604A-65C8-D58985F10460}"
EndProject
Global
	GlobalSection(SolutionConfigurationPlatforms) = preSolution
		Debug|Any CPU = Debug|Any CPU
		Release|Any CPU = Release|Any CPU
	EndGlobalSection
	GlobalSection(ProjectConfigurationPlatforms) = postSolution
		{D91415E6-6B95-604A-65C8-D58985F10460}.Debug|Any CPU.ActiveCfg = Debug|Any CPU
		{D91415E6-6B95-604A-65C8-D58985F10460}.Debug|Any CPU.Build.0 = Debug|Any CPU
		{D91415E6-6B95-604A-65C8-D58985F10460}.Release|Any CPU.ActiveCfg = Release|Any CPU
		{D91415E6-6B95-604A-65C8-D58985F10460}.Release|Any CPU.Build.0 = Release|Any CPU
	EndGlobalSection
	GlobalSection(SolutionProperties) = preSolution
		HideSolutionNode = FALSE
	EndGlobalSection
	GlobalSection(ExtensibilityGlobals) = postSolution
		SolutionGuid = {1886C88D-F3D5-409E-A791-56363277C987}
	EndGlobalSection
EndGlobal
